
Microsoft Visual Studio Solution File, Format Version 12.00
# Visual Studio Version 17
VisualStudioVersion = 17.9.34728.123
MinimumVisualStudioVersion = 10.0.40219.1
Project("{8BC9CEB8-8B4A-11D0-8D11-00A0C91BC942}") = "ClientApp", "ClientApp\ClientApp.vcxproj", "{3CDDC0EF-B7F6-4BDB-B12F-0E6A0EFDF2C4}"
EndProject
Project("{8BC9CEB8-8B4A-11D0-8D11-00A0C91BC942}") = "ServerApp", "ServerApp\ServerApp.vcxproj", "{ABF4F453-0070-4862-952F-16F9523FFDB4}"
EndProject
Project("{2150E333-8FDC-42A3-9474-1A3956D46DE8}") = "Solution Items", "Solution Items", "{A30D4F22-2CF1-4ADF-8B56-E6F20B8067DA}"
	ProjectSection(SolutionItems) = preProject
		README.md = README.md
	EndProjectSection
EndProject
Global
	GlobalSection(SolutionConfigurationPlatforms) = preSolution
		Debug|x64 = Debug|x64
		Debug|x86 = Debug|x86
		Release|x64 = Release|x64
		Release|x86 = Release|x86
	EndGlobalSection
	GlobalSection(ProjectConfigurationPlatforms) = postSolution
		{3CDDC0EF-B7F6-4BDB-B12F-0E6A0EFDF2C4}.Debug|x64.ActiveCfg = Debug|x64
		{3CDDC0EF-B7F6-4BDB-B12F-0E6A0EFDF2C4}.Debug|x64.Build.0 = Debug|x64
		{3CDDC0EF-B7F6-4BDB-B12F-0E6A0EFDF2C4}.Debug|x86.ActiveCfg = Debug|Win32
		{3CDDC0EF-B7F6-4BDB-B12F-0E6A0EFDF2C4}.Debug|x86.Build.0 = Debug|Win32
		{3CDDC0EF-B7F6-4BDB-B12F-0E6A0EFDF2C4}.Release|x64.ActiveCfg = Release|x64
		{3CDDC0EF-B7F6-4BDB-B12F-0E6A0EFDF2C4}.Release|x64.Build.0 = Release|x64
		{3CDDC0EF-B7F6-4BDB-B12F-0E6A0EFDF2C4}.Release|x86.ActiveCfg = Release|Win32
		{3CDDC0EF-B7F6-4BDB-B12F-0E6A0EFDF2C4}.Release|x86.Build.0 = Release|Win32
		{ABF4F453-0070-4862-952F-16F9523FFDB4}.Debug|x64.ActiveCfg = Debug|x64
		{ABF4F453-0070-4862-952F-16F9523FFDB4}.Debug|x64.Build.0 = Debug|x64
		{ABF4F453-0070-4862-952F-16F9523FFDB4}.Debug|x86.ActiveCfg = Debug|Win32
		{ABF4F453-0070-4862-952F-16F9523FFDB4}.Debug|x86.Build.0 = Debug|Win32
		{ABF4F453-0070-4862-952F-16F9523FFDB4}.Release|x64.ActiveCfg = Release|x64
		{ABF4F453-0070-4862-952F-16F9523FFDB4}.Release|x64.Build.0 = Release|x64
		{ABF4F453-0070-4862-952F-16F9523FFDB4}.Release|x86.ActiveCfg = Release|Win32
		{ABF4F453-0070-4862-952F-16F9523FFDB4}.Release|x86.Build.0 = Release|Win32
	EndGlobalSection
	GlobalSection(SolutionProperties) = preSolution
		HideSolutionNode = FALSE
	EndGlobalSection
	GlobalSection(ExtensibilityGlobals) = postSolution
		SolutionGuid = {6CD26E49-D37B-4F33-BA85-FA079764FD16}
	EndGlobalSection
EndGlobal
